PODS:
  - audio_session (0.0.1):
    - Flutter
  - Flutter (1.0.0)
  - flutter_compass (0.0.1):
    - Flutter
  - flutter_dynamic_icon_plus (1.0.0):
    - Flutter
  - flutter_local_notifications (0.0.1):
    - Flutter
  - flutter_timezone (0.0.1):
    - Flutter
  - gal (1.0.0):
    - Flutter
    - FlutterMacOS
  - geocoding_ios (1.0.5):
    - Flutter
  - geolocator_apple (1.2.0):
    - Flutter
    - FlutterMacOS
  - just_audio (0.0.1):
    - Flutter
    - FlutterMacOS
  - package_info_plus (0.4.5):
    - Flutter
  - pdfium_flutter (0.1.5):
    - Flutter
    - FlutterMacOS
  - permission_handler_apple (9.4.8):
    - Flutter
  - share_plus (0.0.1):
    - Flutter
  - shared_preferences_foundation (0.0.1):
    - Flutter
    - FlutterMacOS
  - url_launcher_ios (0.0.1):
    - Flutter
  - workmanager (0.0.1):
    - Flutter

DEPENDENCIES:
  - audio_session (from `.symlinks/plugins/audio_session/ios`)
  - Flutter (from `Flutter`)
  - flutter_compass (from `.symlinks/plugins/flutter_compass/ios`)
  - flutter_dynamic_icon_plus (from `.symlinks/plugins/flutter_dynamic_icon_plus/ios`)
  - flutter_local_notifications (from `.symlinks/plugins/flutter_local_notifications/ios`)
  - flutter_timezone (from `.symlinks/plugins/flutter_timezone/ios`)
  - gal (from `.symlinks/plugins/gal/darwin`)
  - geocoding_ios (from `.symlinks/plugins/geocoding_ios/ios`)
  - geolocator_apple (from `.symlinks/plugins/geolocator_apple/darwin`)
  - just_audio (from `.symlinks/plugins/just_audio/darwin`)
  - package_info_plus (from `.symlinks/plugins/package_info_plus/ios`)
  - pdfium_flutter (from `.symlinks/plugins/pdfium_flutter/darwin`)
  - permission_handler_apple (from `.symlinks/plugins/permission_handler_apple/ios`)
  - share_plus (from `.symlinks/plugins/share_plus/ios`)
  - shared_preferences_foundation (from `.symlinks/plugins/shared_preferences_foundation/darwin`)
  - url_launcher_ios (from `.symlinks/plugins/url_launcher_ios/ios`)
  - workmanager (from `.symlinks/plugins/workmanager/ios`)

EXTERNAL SOURCES:
  audio_session:
    :path: ".symlinks/plugins/audio_session/ios"
  Flutter:
    :path: Flutter
  flutter_compass:
    :path: ".symlinks/plugins/flutter_compass/ios"
  flutter_dynamic_icon_plus:
    :path: ".symlinks/plugins/flutter_dynamic_icon_plus/ios"
  flutter_local_notifications:
    :path: ".symlinks/plugins/flutter_local_notifications/ios"
  flutter_timezone:
    :path: ".symlinks/plugins/flutter_timezone/ios"
  gal:
    :path: ".symlinks/plugins/gal/darwin"
  geocoding_ios:
    :path: ".symlinks/plugins/geocoding_ios/ios"
  geolocator_apple:
    :path: ".symlinks/plugins/geolocator_apple/darwin"
  just_audio:
    :path: ".symlinks/plugins/just_audio/darwin"
  package_info_plus:
    :path: ".symlinks/plugins/package_info_plus/ios"
  pdfium_flutter:
    :path: ".symlinks/plugins/pdfium_flutter/darwin"
  permission_handler_apple:
    :path: ".symlinks/plugins/permission_handler_apple/ios"
  share_plus:
    :path: ".symlinks/plugins/share_plus/ios"
  shared_preferences_foundation:
    :path: ".symlinks/plugins/shared_preferences_foundation/darwin"
  url_launcher_ios:
    :path: ".symlinks/plugins/url_launcher_ios/ios"
  workmanager:
    :path: ".symlinks/plugins/workmanager/ios"

SPEC CHECKSUMS:
  audio_session: 9bb7f6c970f21241b19f5a3658097ae459681ba0
  Flutter: cabc95a1d2626b1b06e7179b784ebcf0c0cde467
  flutter_compass: b236ab69b61545cce89fd58527f401a7587d5cc1
  flutter_dynamic_icon_plus: a7c81df360708aa1c9538f89cd96958fdda608ea
  flutter_local_notifications: 395056b3175ba4f08480a7c5de30cd36d69827e4
  flutter_timezone: 7c838e17ffd4645d261e87037e5bebf6d38fe544
  gal: baecd024ebfd13c441269ca7404792a7152fde89
  geocoding_ios: 33776c9ebb98d037b5e025bb0e7537f6dd19646e
  geolocator_apple: ab36aa0e8b7d7a2d7639b3b4e48308394e8cef5e
  just_audio: 4e391f57b79cad2b0674030a00453ca5ce817eed
  package_info_plus: af8e2ca6888548050f16fa2f1938db7b5a5df499
  pdfium_flutter: e5a6e881af0b182d5b0465ebad23a8a20caa28d4
  permission_handler_apple: 92d754bbaa7361d436db2d6c3c1c2a0fdcec462e
  share_plus: 50da8cb520a8f0f65671c6c6a99b3617ed10a58a
  shared_preferences_foundation: 7036424c3d8ec98dfe75ff1667cb0cd531ec82bb
  url_launcher_ios: 7a95fa5b60cc718a708b8f2966718e93db0cef1b
  workmanager: 01be2de7f184bd15de93a1812936a2b7f42ef07e

PODFILE CHECKSUM: 53a6aebc29ccee84c41f92f409fc20cd4ca011f1

COCOAPODS: 1.16.2
